
Microsoft Visual Studio Solution File, Format Version 12.00
# Visual Studio 2012
Project("{8BC9CEB8-8B4A-11D0-8D11-00A0C91BC942}") = "Motion", "src\Motion\Motion.vcxproj", "{3EE96D0B-5B27-4F26-B103-AE2F3FFDF1B5}"
EndProject
Project("{8BC9CEB8-8B4A-11D0-8D11-00A0C91BC942}") = "Activity_DynamicRebuilding", "src\Activity_DynamicRebuilding\Activity_DynamicRebuilding.vcxproj", "{DAAAF54F-6034-48AE-ACD9-854346272182}"
EndProject
Project("{8BC9CEB8-8B4A-11D0-8D11-00A0C91BC942}") = "NuiManager_KinectSDK", "src\NuiManager_KinectSDK\NuiManager_KinectSDK.vcxproj", "{8137F0A6-B059-4BE9-9C6D-B67D8D9CA0FA}"
EndProject
Global
	GlobalSection(SolutionConfigurationPlatforms) = preSolution
		Debug|Win32 = Debug|Win32
		Release|Win32 = Release|Win32
	EndGlobalSection
	GlobalSection(ProjectConfigurationPlatforms) = postSolution
		{3EE96D0B-5B27-4F26-B103-AE2F3FFDF1B5}.Debug|Win32.ActiveCfg = Debug|Win32
		{3EE96D0B-5B27-4F26-B103-AE2F3FFDF1B5}.Debug|Win32.Build.0 = Debug|Win32
		{3EE96D0B-5B27-4F26-B103-AE2F3FFDF1B5}.Release|Win32.ActiveCfg = Release|Win32
		{3EE96D0B-5B27-4F26-B103-AE2F3FFDF1B5}.Release|Win32.Build.0 = Release|Win32
		{DAAAF54F-6034-48AE-ACD9-854346272182}.Debug|Win32.ActiveCfg = Debug|Win32
		{DAAAF54F-6034-48AE-ACD9-854346272182}.Debug|Win32.Build.0 = Debug|Win32
		{DAAAF54F-6034-48AE-ACD9-854346272182}.Release|Win32.ActiveCfg = Release|Win32
		{DAAAF54F-6034-48AE-ACD9-854346272182}.Release|Win32.Build.0 = Release|Win32
		{8137F0A6-B059-4BE9-9C6D-B67D8D9CA0FA}.Debug|Win32.ActiveCfg = Debug|Win32
		{8137F0A6-B059-4BE9-9C6D-B67D8D9CA0FA}.Debug|Win32.Build.0 = Debug|Win32
		{8137F0A6-B059-4BE9-9C6D-B67D8D9CA0FA}.Release|Win32.ActiveCfg = Release|Win32
		{8137F0A6-B059-4BE9-9C6D-B67D8D9CA0FA}.Release|Win32.Build.0 = Release|Win32
	EndGlobalSection
	GlobalSection(SolutionProperties) = preSolution
		HideSolutionNode = FALSE
	EndGlobalSection
EndGlobal
