<?xml version="1.0" encoding="utf-8"?>
<Project ToolsVersion="4.0" xmlns="http://schemas.microsoft.com/developer/msbuild/2003">
  <ItemGroup>
    <ClInclude Include="CharacterController.h">
      <Filter>Header</Filter>
    </ClInclude>
    <ClInclude Include="DynamicRebuilding.h">
      <Filter>Header</Filter>
    </ClInclude>
  </ItemGroup>
  <ItemGroup>
    <Filter Include="Source">
      <UniqueIdentifier>{5908c110-db56-419d-b6a1-850cf91c1f68}</UniqueIdentifier>
    </Filter>
    <Filter Include="Header">
      <UniqueIdentifier>{df9fe99d-0fdc-4d38-8eb7-585dff18d287}</UniqueIdentifier>
    </Filter>
  </ItemGroup>
  <ItemGroup>
    <ClCompile Include="DynamicRebuilding.cpp">
      <Filter>Source</Filter>
    </ClCompile>
  </ItemGroup>
</Project>